// !$*UTF8*$!
{
	archiveVersion = 1;
	classes = {
	};
	objectVersion = 50;
	objects = {

/* Begin PBXBuildFile section */
		422239A62501C437001E52F0 /* WordAlgorithm.swift in Sources */ = {isa = PBXBuildFile; fileRef = 422239A52501C437001E52F0 /* WordAlgorithm.swift */; };
		428D82572502F14B00062A82 /* ModelBoard.swift in Sources */ = {isa = PBXBuildFile; fileRef = 428D82562502F14B00062A82 /* ModelBoard.swift */; };
		428D82592502F1DF00062A82 /* LetterView.swift in Sources */ = {isa = PBXBuildFile; fileRef = 428D82582502F1DF00062A82 /* LetterView.swift */; };
		428D825B2502F27100062A82 /* Score.swift in Sources */ = {isa = PBXBuildFile; fileRef = 428D825A2502F27100062A82 /* Score.swift */; };
		428D825D2502F2BB00062A82 /* WordBox.swift in Sources */ = {isa = PBXBuildFile; fileRef = 428D825C2502F2BB00062A82 /* WordBox.swift */; };
		428D825F2502F3DD00062A82 /* CurrentWord.swift in Sources */ = {isa = PBXBuildFile; fileRef = 428D825E2502F3DD00062A82 /* CurrentWord.swift */; };
		42EE17F124F9BFB0001A5393 /* AppDelegate.swift in Sources */ = {isa = PBXBuildFile; fileRef = 42EE17F024F9BFB0001A5393 /* AppDelegate.swift */; };
		42EE17F324F9BFB0001A5393 /* SceneDelegate.swift in Sources */ = {isa = PBXBuildFile; fileRef = 42EE17F224F9BFB0001A5393 /* SceneDelegate.swift */; };
		42EE17F524F9BFB0001A5393 /* ContentView.swift in Sources */ = {isa = PBXBuildFile; fileRef = 42EE17F424F9BFB0001A5393 /* ContentView.swift */; };
		42EE17F724F9BFB7001A5393 /* Assets.xcassets in Resources */ = {isa = PBXBuildFile; fileRef = 42EE17F624F9BFB7001A5393 /* Assets.xcassets */; };
		42EE17FA24F9BFB7001A5393 /* Preview Assets.xcassets in Resources */ = {isa = PBXBuildFile; fileRef = 42EE17F924F9BFB7001A5393 /* Preview Assets.xcassets */; };
		42EE17FD24F9BFB7001A5393 /* LaunchScreen.storyboard in Resources */ = {isa = PBXBuildFile; fileRef = 42EE17FB24F9BFB7001A5393 /* LaunchScreen.storyboard */; };
/* End PBXBuildFile section */

/* Begin PBXFileReference section */
		422239A52501C437001E52F0 /* WordAlgorithm.swift */ = {isa = PBXFileReference; lastKnownFileType = sourcecode.swift; path = WordAlgorithm.swift; sourceTree = "<group>"; };
		428D82562502F14B00062A82 /* ModelBoard.swift */ = {isa = PBXFileReference; fileEncoding = 4; lastKnownFileType = sourcecode.swift; path = ModelBoard.swift; sourceTree = "<group>"; };
		428D82582502F1DF00062A82 /* LetterView.swift */ = {isa = PBXFileReference; lastKnownFileType = sourcecode.swift; path = LetterView.swift; sourceTree = "<group>"; };
		428D825A2502F27100062A82 /* Score.swift */ = {isa = PBXFileReference; lastKnownFileType = sourcecode.swift; path = Score.swift; sourceTree = "<group>"; };
		428D825C2502F2BB00062A82 /* WordBox.swift */ = {isa = PBXFileReference; lastKnownFileType = sourcecode.swift; path = WordBox.swift; sourceTree = "<group>"; };
		428D825E2502F3DD00062A82 /* CurrentWord.swift */ = {isa = PBXFileReference; lastKnownFileType = sourcecode.swift; path = CurrentWord.swift; sourceTree = "<group>"; };
		42EE17ED24F9BFB0001A5393 /* WordSearch.app */ = {isa = PBXFileReference; explicitFileType = wrapper.application; includeInIndex = 0; path = WordSearch.app; sourceTree = BUILT_PRODUCTS_DIR; };
		42EE17F024F9BFB0001A5393 /* AppDelegate.swift */ = {isa = PBXFileReference; lastKnownFileType = sourcecode.swift; path = AppDelegate.swift; sourceTree = "<group>"; };
		42EE17F224F9BFB0001A5393 /* SceneDelegate.swift */ = {isa = PBXFileReference; lastKnownFileType = sourcecode.swift; path = SceneDelegate.swift; sourceTree = "<group>"; };
		42EE17F424F9BFB0001A5393 /* ContentView.swift */ = {isa = PBXFileReference; lastKnownFileType = sourcecode.swift; path = ContentView.swift; sourceTree = "<group>"; };
		42EE17F624F9BFB7001A5393 /* Assets.xcassets */ = {isa = PBXFileReference; lastKnownFileType = folder.assetcatalog; path = Assets.xcassets; sourceTree = "<group>"; };
		42EE17F924F9BFB7001A5393 /* Preview Assets.xcassets */ = {isa = PBXFileReference; lastKnownFileType = folder.assetcatalog; path = "Preview Assets.xcassets"; sourceTree = "<group>"; };
		42EE17FC24F9BFB7001A5393 /* Base */ = {isa = PBXFileReference; lastKnownFileType = file.storyboard; name = Base; path = Base.lproj/LaunchScreen.storyboard; sourceTree = "<group>"; };
		42EE17FE24F9BFB7001A5393 /* Info.plist */ = {isa = PBXFileReference; lastKnownFileType = text.plist.xml; path = Info.plist; sourceTree = "<group>"; };
/* End PBXFileReference section */

/* Begin PBXFrameworksBuildPhase section */
		42EE17EA24F9BFB0001A5393 /* Frameworks */ = {
			isa = PBXFrameworksBuildPhase;
			buildActionMask = 2147483647;
			files = (
			);
			runOnlyForDeploymentPostprocessing = 0;
		};
/* End PBXFrameworksBuildPhase section */

/* Begin PBXGroup section */
		42EE17E424F9BFB0001A5393 = {
			isa = PBXGroup;
			children = (
				42EE17EF24F9BFB0001A5393 /* WordSearch */,
				42EE17EE24F9BFB0001A5393 /* Products */,
			);
			sourceTree = "<group>";
		};
		42EE17EE24F9BFB0001A5393 /* Products */ = {
			isa = PBXGroup;
			children = (
				42EE17ED24F9BFB0001A5393 /* WordSearch.app */,
			);
			name = Products;
			sourceTree = "<group>";
		};
		42EE17EF24F9BFB0001A5393 /* WordSearch */ = {
			isa = PBXGroup;
			children = (
				42EE17F024F9BFB0001A5393 /* AppDelegate.swift */,
				42EE17F224F9BFB0001A5393 /* SceneDelegate.swift */,
				42EE17F424F9BFB0001A5393 /* ContentView.swift */,
				42EE17F624F9BFB7001A5393 /* Assets.xcassets */,
				42EE17FB24F9BFB7001A5393 /* LaunchScreen.storyboard */,
				42EE17FE24F9BFB7001A5393 /* Info.plist */,
				428D82562502F14B00062A82 /* ModelBoard.swift */,
				428D825C2502F2BB00062A82 /* WordBox.swift */,
				428D825E2502F3DD00062A82 /* CurrentWord.swift */,
				428D825A2502F27100062A82 /* Score.swift */,
				428D82582502F1DF00062A82 /* LetterView.swift */,
				42EE17F824F9BFB7001A5393 /* Preview Content */,
				422239A52501C437001E52F0 /* WordAlgorithm.swift */,
			);
			path = WordSearch;
			sourceTree = "<group>";
		};
		42EE17F824F9BFB7001A5393 /* Preview Content */ = {
			isa = PBXGroup;
			children = (
				42EE17F924F9BFB7001A5393 /* Preview Assets.xcassets */,
			);
			path = "Preview Content";
			sourceTree = "<group>";
		};
/* End PBXGroup section */

/* Begin PBXNativeTarget section */
		42EE17EC24F9BFB0001A5393 /* WordSearch */ = {
			isa = PBXNativeTarget;
			buildConfigurationList = 42EE180124F9BFB7001A5393 /* Build configuration list for PBXNativeTarget "WordSearch" */;
			buildPhases = (
				42EE17E924F9BFB0001A5393 /* Sources */,
				42EE17EA24F9BFB0001A5393 /* Frameworks */,
				42EE17EB24F9BFB0001A5393 /* Resources */,
			);
			buildRules = (
			);
			dependencies = (
			);
			name = WordSearch;
			productName = WordSearch;
			productReference = 42EE17ED24F9BFB0001A5393 /* WordSearch.app */;
			productType = "com.apple.product-type.application";
		};
/* End PBXNativeTarget section */

/* Begin PBXProject section */
		42EE17E524F9BFB0001A5393 /* Project object */ = {
			isa = PBXProject;
			attributes = {
				LastSwiftUpdateCheck = 1160;
				LastUpgradeCheck = 1160;
				ORGANIZATIONNAME = "Joshua Blanch";
				TargetAttributes = {
					42EE17EC24F9BFB0001A5393 = {
						CreatedOnToolsVersion = 11.6;
					};
				};
			};
			buildConfigurationList = 42EE17E824F9BFB0001A5393 /* Build configuration list for PBXProject "WordSearch" */;
			compatibilityVersion = "Xcode 9.3";
			developmentRegion = en;
			hasScannedForEncodings = 0;
			knownRegions = (
				en,
				Base,
			);
			mainGroup = 42EE17E424F9BFB0001A5393;
			productRefGroup = 42EE17EE24F9BFB0001A5393 /* Products */;
			projectDirPath = "";
			projectRoot = "";
			targets = (
				42EE17EC24F9BFB0001A5393 /* WordSearch */,
			);
		};
/* End PBXProject section */

/* Begin PBXResourcesBuildPhase section */
		42EE17EB24F9BFB0001A5393 /* Resources */ = {
			isa = PBXResourcesBuildPhase;
			buildActionMask = 2147483647;
			files = (
				42EE17FD24F9BFB7001A5393 /* LaunchScreen.storyboard in Resources */,
				42EE17FA24F9BFB7001A5393 /* Preview Assets.xcassets in Resources */,
				42EE17F724F9BFB7001A5393 /* Assets.xcassets in Resources */,
			);
			runOnlyForDeploymentPostprocessing = 0;
		};
/* End PBXResourcesBuildPhase section */

/* Begin PBXSourcesBuildPhase section */
		42EE17E924F9BFB0001A5393 /* Sources */ = {
			isa = PBXSourcesBuildPhase;
			buildActionMask = 2147483647;
			files = (
				428D825B2502F27100062A82 /* Score.swift in Sources */,
				42EE17F124F9BFB0001A5393 /* AppDelegate.swift in Sources */,
				428D82572502F14B00062A82 /* ModelBoard.swift in Sources */,
				42EE17F324F9BFB0001A5393 /* SceneDelegate.swift in Sources */,
				42EE17F524F9BFB0001A5393 /* ContentView.swift in Sources */,
				428D825F2502F3DD00062A82 /* CurrentWord.swift in Sources */,
				428D825D2502F2BB00062A82 /* WordBox.swift in Sources */,
				428D82592502F1DF00062A82 /* LetterView.swift in Sources */,
				422239A62501C437001E52F0 /* WordAlgorithm.swift in Sources */,
			);
			runOnlyForDeploymentPostprocessing = 0;
		};
/* End PBXSourcesBuildPhase section */

/* Begin PBXVariantGroup section */
		42EE17FB24F9BFB7001A5393 /* LaunchScreen.storyboard */ = {
			isa = PBXVariantGroup;
			children = (
				42EE17FC24F9BFB7001A5393 /* Base */,
			);
			name = LaunchScreen.storyboard;
			sourceTree = "<group>";
		};
/* End PBXVariantGroup section */

/* Begin XCBuildConfiguration section */
		42EE17FF24F9BFB7001A5393 /* Debug */ = {
			isa = XCBuildConfiguration;
			buildSettings = {
				ALWAYS_SEARCH_USER_PATHS = NO;
				CLANG_ANALYZER_NONNULL = YES;
				CLANG_ANALYZER_NUMBER_OBJECT_CONVERSION = YES_AGGRESSIVE;
				CLANG_CXX_LANGUAGE_STANDARD = "gnu++14";
				CLANG_CXX_LIBRARY = "libc++";
				CLANG_ENABLE_MODULES = YES;
				CLANG_ENABLE_OBJC_ARC = YES;
				CLANG_ENABLE_OBJC_WEAK = YES;
				CLANG_WARN_BLOCK_CAPTURE_AUTORELEASING = YES;
				CLANG_WARN_BOOL_CONVERSION = YES;
				CLANG_WARN_COMMA = YES;
				CLANG_WARN_CONSTANT_CONVERSION = YES;
				CLANG_WARN_DEPRECATED_OBJC_IMPLEMENTATIONS = YES;
				CLANG_WARN_DIRECT_OBJC_ISA_USAGE = YES_ERROR;
				CLANG_WARN_DOCUMENTATION_COMMENTS = YES;
				CLANG_WARN_EMPTY_BODY = YES;
				CLANG_WARN_ENUM_CONVERSION = YES;
				CLANG_WARN_INFINITE_RECURSION = YES;
				CLANG_WARN_INT_CONVERSION = YES;
				CLANG_WARN_NON_LITERAL_NULL_CONVERSION = YES;
				CLANG_WARN_OBJC_IMPLICIT_RETAIN_SELF = YES;
				CLANG_WARN_OBJC_LITERAL_CONVERSION = YES;
				CLANG_WARN_OBJC_ROOT_CLASS = YES_ERROR;
				CLANG_WARN_RANGE_LOOP_ANALYSIS = YES;
				CLANG_WARN_STRICT_PROTOTYPES = YES;
				CLANG_WARN_SUSPICIOUS_MOVE = YES;
				CLANG_WARN_UNGUARDED_AVAILABILITY = YES_AGGRESSIVE;
				CLANG_WARN_UNREACHABLE_CODE = YES;
				CLANG_WARN__DUPLICATE_METHOD_MATCH = YES;
				COPY_PHASE_STRIP = NO;
				DEBUG_INFORMATION_FORMAT = dwarf;
				ENABLE_STRICT_OBJC_MSGSEND = YES;
				ENABLE_TESTABILITY = YES;
				GCC_C_LANGUAGE_STANDARD = gnu11;
				GCC_DYNAMIC_NO_PIC = NO;
				GCC_NO_COMMON_BLOCKS = YES;
				GCC_OPTIMIZATION_LEVEL = 0;
				GCC_PREPROCESSOR_DEFINITIONS = (
					"DEBUG=1",
					"$(inherited)",
				);
				GCC_WARN_64_TO_32_BIT_CONVERSION = YES;
				GCC_WARN_ABOUT_RETURN_TYPE = YES_ERROR;
				GCC_WARN_UNDECLARED_SELECTOR = YES;
				GCC_WARN_UNINITIALIZED_AUTOS = YES_AGGRESSIVE;
				GCC_WARN_UNUSED_FUNCTION = YES;
				GCC_WARN_UNUSED_VARIABLE = YES;
				IPHONEOS_DEPLOYMENT_TARGET = 13.6;
				MTL_ENABLE_DEBUG_INFO = INCLUDE_SOURCE;
				MTL_FAST_MATH = YES;
				ONLY_ACTIVE_ARCH = YES;
				SDKROOT = iphoneos;
				SWIFT_ACTIVE_COMPILATION_CONDITIONS = DEBUG;
				SWIFT_OPTIMIZATION_LEVEL = "-Onone";
			};
			name = Debug;
		};
		42EE180024F9BFB7001A5393 /* Release */ = {
			isa = XCBuildConfiguration;
			buildSettings = {
				ALWAYS_SEARCH_USER_PATHS = NO;
				CLANG_ANALYZER_NONNULL = YES;
				CLANG_ANALYZER_NUMBER_OBJECT_CONVERSION = YES_AGGRESSIVE;
				CLANG_CXX_LANGUAGE_STANDARD = "gnu++14";
				CLANG_CXX_LIBRARY = "libc++";
				CLANG_ENABLE_MODULES = YES;
				CLANG_ENABLE_OBJC_ARC = YES;
				CLANG_ENABLE_OBJC_WEAK = YES;
				CLANG_WARN_BLOCK_CAPTURE_AUTORELEASING = YES;
				CLANG_WARN_BOOL_CONVERSION = YES;
				CLANG_WARN_COMMA = YES;
				CLANG_WARN_CONSTANT_CONVERSION = YES;
				CLANG_WARN_DEPRECATED_OBJC_IMPLEMENTATIONS = YES;
				CLANG_WARN_DIRECT_OBJC_ISA_USAGE = YES_ERROR;
				CLANG_WARN_DOCUMENTATION_COMMENTS = YES;
				CLANG_WARN_EMPTY_BODY = YES;
				CLANG_WARN_ENUM_CONVERSION = YES;
				CLANG_WARN_INFINITE_RECURSION = YES;
				CLANG_WARN_INT_CONVERSION = YES;
				CLANG_WARN_NON_LITERAL_NULL_CONVERSION = YES;
				CLANG_WARN_OBJC_IMPLICIT_RETAIN_SELF = YES;
				CLANG_WARN_OBJC_LITERAL_CONVERSION = YES;
				CLANG_WARN_OBJC_ROOT_CLASS = YES_ERROR;
				CLANG_WARN_RANGE_LOOP_ANALYSIS = YES;
				CLANG_WARN_STRICT_PROTOTYPES = YES;
				CLANG_WARN_SUSPICIOUS_MOVE = YES;
				CLANG_WARN_UNGUARDED_AVAILABILITY = YES_AGGRESSIVE;
				CLANG_WARN_UNREACHABLE_CODE = YES;
				CLANG_WARN__DUPLICATE_METHOD_MATCH = YES;
				COPY_PHASE_STRIP = NO;
				DEBUG_INFORMATION_FORMAT = "dwarf-with-dsym";
				ENABLE_NS_ASSERTIONS = NO;
				ENABLE_STRICT_OBJC_MSGSEND = YES;
				GCC_C_LANGUAGE_STANDARD = gnu11;
				GCC_NO_COMMON_BLOCKS = YES;
				GCC_WARN_64_TO_32_BIT_CONVERSION = YES;
				GCC_WARN_ABOUT_RETURN_TYPE = YES_ERROR;
				GCC_WARN_UNDECLARED_SELECTOR = YES;
				GCC_WARN_UNINITIALIZED_AUTOS = YES_AGGRESSIVE;
				GCC_WARN_UNUSED_FUNCTION = YES;
				GCC_WARN_UNUSED_VARIABLE = YES;
				IPHONEOS_DEPLOYMENT_TARGET = 13.6;
				MTL_ENABLE_DEBUG_INFO = NO;
				MTL_FAST_MATH = YES;
				SDKROOT = iphoneos;
				SWIFT_COMPILATION_MODE = wholemodule;
				SWIFT_OPTIMIZATION_LEVEL = "-O";
				VALIDATE_PRODUCT = YES;
			};
			name = Release;
		};
		42EE180224F9BFB7001A5393 /* Debug */ = {
			isa = XCBuildConfiguration;
			buildSettings = {
				ASSETCATALOG_COMPILER_APPICON_NAME = AppIcon;
				CODE_SIGN_STYLE = Automatic;
				DEVELOPMENT_ASSET_PATHS = "\"WordSearch/Preview Content\"";
				ENABLE_PREVIEWS = YES;
				INFOPLIST_FILE = WordSearch/Info.plist;
				LD_RUNPATH_SEARCH_PATHS = (
					"$(inherited)",
					"@executable_path/Frameworks",
				);
				PRODUCT_BUNDLE_IDENTIFIER = com.blanch.WordSearch;
				PRODUCT_NAME = "$(TARGET_NAME)";
				SWIFT_VERSION = 5.0;
				TARGETED_DEVICE_FAMILY = "1,2";
			};
			name = Debug;
		};
		42EE180324F9BFB7001A5393 /* Release */ = {
			isa = XCBuildConfiguration;
			buildSettings = {
				ASSETCATALOG_COMPILER_APPICON_NAME = AppIcon;
				CODE_SIGN_STYLE = Automatic;
				DEVELOPMENT_ASSET_PATHS = "\"WordSearch/Preview Content\"";
				ENABLE_PREVIEWS = YES;
				INFOPLIST_FILE = WordSearch/Info.plist;
				LD_RUNPATH_SEARCH_PATHS = (
					"$(inherited)",
					"@executable_path/Frameworks",
				);
				PRODUCT_BUNDLE_IDENTIFIER = com.blanch.WordSearch;
				PRODUCT_NAME = "$(TARGET_NAME)";
				SWIFT_VERSION = 5.0;
				TARGETED_DEVICE_FAMILY = "1,2";
			};
			name = Release;
		};
/* End XCBuildConfiguration section */

/* Begin XCConfigurationList section */
		42EE17E824F9BFB0001A5393 /* Build configuration list for PBXProject "WordSearch" */ = {
			isa = XCConfigurationList;
			buildConfigurations = (
				42EE17FF24F9BFB7001A5393 /* Debug */,
				42EE180024F9BFB7001A5393 /* Release */,
			);
			defaultConfigurationIsVisible = 0;
			defaultConfigurationName = Release;
		};
		42EE180124F9BFB7001A5393 /* Build configuration list for PBXNativeTarget "WordSearch" */ = {
			isa = XCConfigurationList;
			buildConfigurations = (
				42EE180224F9BFB7001A5393 /* Debug */,
				42EE180324F9BFB7001A5393 /* Release */,
			);
			defaultConfigurationIsVisible = 0;
			defaultConfigurationName = Release;
		};
/* End XCConfigurationList section */
	};
	rootObject = 42EE17E524F9BFB0001A5393 /* Project object */;
}
